{
  "requires": true,
  "lockfileVersion": 1,
  "dependencies": {
    "esbuild": {
      "version": "0.8.33",
      "resolved": "https://registry.npmjs.org/esbuild/-/esbuild-0.8.33.tgz",
      "integrity": "sha512-2ms/P6Y9zJfopR9dKo2vHzhXKfGSNlquVVoVOF8YnhjuzZVrvManMVBPadBsR/t7jzIkRnwqvxrs7d4f3C3eyg=="
    },
    "lodash": {
      "version": "4.17.20",
      "resolved": "https://registry.npmjs.org/lodash/-/lodash-4.17.20.tgz",
      "integrity": "sha512-PlhdFcillOINfeV7Ni6oF1TAEayyZBoZ8bcshTHqOYJYlrqzRK5hagpagky5o4HfCzzd1TRkXPMFq6cKk9rGmA=="
    }
  }
}
